
Microsoft Visual Studio Solution File, Format Version 12.00
# Visual Studio 15
VisualStudioVersion = 15.0.27703.2026
MinimumVisualStudioVersion = 10.0.40219.1
Project("{FAE04EC0-301F-11D3-BF4B-00C04F79EFBC}") = "WebApp", "WebApp\WebApp.csproj", "{68F4AE3D-AC23-45D5-82B1-CCD18FD30A6D}"
EndProject
Global
	GlobalSection(SolutionConfigurationPlatforms) = preSolution
		Debug|Any CPU = Debug|Any CPU
		Release|Any CPU = Release|Any CPU
	EndGlobalSection
	GlobalSection(ProjectConfigurationPlatforms) = postSolution
		{68F4AE3D-AC23-45D5-82B1-CCD18FD30A6D}.Debug|Any CPU.ActiveCfg = Debug|Any CPU
		{68F4AE3D-AC23-45D5-82B1-CCD18FD30A6D}.Debug|Any CPU.Build.0 = Debug|Any CPU
		{68F4AE3D-AC23-45D5-82B1-CCD18FD30A6D}.Release|Any CPU.ActiveCfg = Release|Any CPU
		{68F4AE3D-AC23-45D5-82B1-CCD18FD30A6D}.Release|Any CPU.Build.0 = Release|Any CPU
	EndGlobalSection
	GlobalSection(SolutionProperties) = preSolution
		HideSolutionNode = FALSE
	EndGlobalSection
	GlobalSection(ExtensibilityGlobals) = postSolution
		SolutionGuid = {32A5390D-ED93-4C1C-B01B-D26989E64167}
	EndGlobalSection
EndGlobal
